
Microsoft Visual Studio Solution File, Format Version 12.00
# Visual Studio Version 18
VisualStudioVersion = 18.5.11723.231
MinimumVisualStudioVersion = 10.0.40219.1
Project("{9A19103F-16F7-4668-BE54-9A1E7A4F7556}") = "SoundSwitch.Audio.Manager", "SoundSwitch.Audio.Manager\SoundSwitch.Audio.Manager.csproj", "{46453BFE-13B8-4D07-A5FE-F75B5842F542}"
EndProject
Project("{9A19103F-16F7-4668-BE54-9A1E7A4F7556}") = "SoundSwitch.Common", "SoundSwitch.Common\SoundSwitch.Common.csproj", "{8AA15AE8-D9B8-4321-BDFE-A3424373FB9F}"
EndProject
Project("{9A19103F-16F7-4668-BE54-9A1E7A4F7556}") = "ScreenSoundSwitch.WinUI", "ScreenSoundSwitch.WinUI\ScreenSoundSwitch.WinUI.csproj", "{BCA79420-8BBE-440F-A2F1-9F72B2489551}"
EndProject
Project("{FAE04EC0-301F-11D3-BF4B-00C04F79EFBC}") = "ScreenSoundSwitch.WinUI.Audio", "ScreenSoundSwitch.WinUI.Audio\ScreenSoundSwitch.WinUI.Audio.csproj", "{4FDAA71D-4D7D-4447-9722-E0E4E36477B1}"
EndProject
Project("{FAE04EC0-301F-11D3-BF4B-00C04F79EFBC}") = "ScreenSoundSwitch.App", "ScreenSoundSwitch.App\ScreenSoundSwitch.App.csproj", "{AC42B3FB-7849-418A-BAA5-1AD5D210B8A9}"
EndProject
Global
	GlobalSection(SolutionConfigurationPlatforms) = preSolution
		Debug|Any CPU = Debug|Any CPU
		Debug|ARM64 = Debug|ARM64
		Debug|x64 = Debug|x64
		Debug|x86 = Debug|x86
		Debug-Unpackaged|Any CPU = Debug-Unpackaged|Any CPU
		Debug-Unpackaged|ARM64 = Debug-Unpackaged|ARM64
		Debug-Unpackaged|x64 = Debug-Unpackaged|x64
		Debug-Unpackaged|x86 = Debug-Unpackaged|x86
		Nightly|Any CPU = Nightly|Any CPU
		Nightly|ARM64 = Nightly|ARM64
		Nightly|x64 = Nightly|x64
		Nightly|x86 = Nightly|x86
		Release|Any CPU = Release|Any CPU
		Release|ARM64 = Release|ARM64
		Release|x64 = Release|x64
		Release|x86 = Release|x86
		Release-Unpackaged|Any CPU = Release-Unpackaged|Any CPU
		Release-Unpackaged|ARM64 = Release-Unpackaged|ARM64
		Release-Unpackaged|x64 = Release-Unpackaged|x64
		Release-Unpackaged|x86 = Release-Unpackaged|x86
	EndGlobalSection
	GlobalSection(ProjectConfigurationPlatforms) = postSolution
		{46453BFE-13B8-4D07-A5FE-F75B5842F542}.Debug|Any CPU.ActiveCfg = Debug|Any CPU
		{46453BFE-13B8-4D07-A5FE-F75B5842F542}.Debug|Any CPU.Build.0 = Debug|Any CPU
		{46453BFE-13B8-4D07-A5FE-F75B5842F542}.Debug|ARM64.ActiveCfg = Debug|Any CPU
		{46453BFE-13B8-4D07-A5FE-F75B5842F542}.Debug|ARM64.Build.0 = Debug|Any CPU
		{46453BFE-13B8-4D07-A5FE-F75B5842F542}.Debug|x64.ActiveCfg = Debug|Any CPU
		{46453BFE-13B8-4D07-A5FE-F75B5842F542}.Debug|x64.Build.0 = Debug|Any CPU
		{46453BFE-13B8-4D07-A5FE-F75B5842F542}.Debug|x86.ActiveCfg = Debug|Any CPU
		{46453BFE-13B8-4D07-A5FE-F75B5842F542}.Debug|x86.Build.0 = Debug|Any CPU
		{46453BFE-13B8-4D07-A5FE-F75B5842F542}.Debug-Unpackaged|Any CPU.ActiveCfg = Debug|Any CPU
		{46453BFE-13B8-4D07-A5FE-F75B5842F542}.Debug-Unpackaged|Any CPU.Build.0 = Debug|Any CPU
		{46453BFE-13B8-4D07-A5FE-F75B5842F542}.Debug-Unpackaged|ARM64.ActiveCfg = Debug|Any CPU
		{46453BFE-13B8-4D07-A5FE-F75B5842F542}.Debug-Unpackaged|ARM64.Build.0 = Debug|Any CPU
		{46453BFE-13B8-4D07-A5FE-F75B5842F542}.Debug-Unpackaged|x64.ActiveCfg = Debug|Any CPU
		{46453BFE-13B8-4D07-A5FE-F75B5842F542}.Debug-Unpackaged|x64.Build.0 = Debug|Any CPU
		{46453BFE-13B8-4D07-A5FE-F75B5842F542}.Debug-Unpackaged|x86.ActiveCfg = Debug|Any CPU
		{46453BFE-13B8-4D07-A5FE-F75B5842F542}.Debug-Unpackaged|x86.Build.0 = Debug|Any CPU
		{46453BFE-13B8-4D07-A5FE-F75B5842F542}.Nightly|Any CPU.ActiveCfg = Nightly|Any CPU
		{46453BFE-13B8-4D07-A5FE-F75B5842F542}.Nightly|Any CPU.Build.0 = Nightly|Any CPU
		{46453BFE-13B8-4D07-A5FE-F75B5842F542}.Nightly|ARM64.ActiveCfg = Nightly|Any CPU
		{46453BFE-13B8-4D07-A5FE-F75B5842F542}.Nightly|ARM64.Build.0 = Nightly|Any CPU
		{46453BFE-13B8-4D07-A5FE-F75B5842F542}.Nightly|x64.ActiveCfg = Nightly|Any CPU
		{46453BFE-13B8-4D07-A5FE-F75B5842F542}.Nightly|x64.Build.0 = Nightly|Any CPU
		{46453BFE-13B8-4D07-A5FE-F75B5842F542}.Nightly|x86.ActiveCfg = Nightly|Any CPU
		{46453BFE-13B8-4D07-A5FE-F75B5842F542}.Nightly|x86.Build.0 = Nightly|Any CPU
		{46453BFE-13B8-4D07-A5FE-F75B5842F542}.Release|Any CPU.ActiveCfg = Release|Any CPU
		{46453BFE-13B8-4D07-A5FE-F75B5842F542}.Release|Any CPU.Build.0 = Release|Any CPU
		{46453BFE-13B8-4D07-A5FE-F75B5842F542}.Release|ARM64.ActiveCfg = Release|Any CPU
		{46453BFE-13B8-4D07-A5FE-F75B5842F542}.Release|ARM64.Build.0 = Release|Any CPU
		{46453BFE-13B8-4D07-A5FE-F75B5842F542}.Release|x64.ActiveCfg = Release|Any CPU
		{46453BFE-13B8-4D07-A5FE-F75B5842F542}.Release|x64.Build.0 = Release|Any CPU
		{46453BFE-13B8-4D07-A5FE-F75B5842F542}.Release|x86.ActiveCfg = Release|Any CPU
		{46453BFE-13B8-4D07-A5FE-F75B5842F542}.Release|x86.Build.0 = Release|Any CPU
		{46453BFE-13B8-4D07-A5FE-F75B5842F542}.Release-Unpackaged|Any CPU.ActiveCfg = Release|Any CPU
		{46453BFE-13B8-4D07-A5FE-F75B5842F542}.Release-Unpackaged|Any CPU.Build.0 = Release|Any CPU
		{46453BFE-13B8-4D07-A5FE-F75B5842F542}.Release-Unpackaged|ARM64.ActiveCfg = Release|Any CPU
		{46453BFE-13B8-4D07-A5FE-F75B5842F542}.Release-Unpackaged|ARM64.Build.0 = Release|Any CPU
		{46453BFE-13B8-4D07-A5FE-F75B5842F542}.Release-Unpackaged|x64.ActiveCfg = Release|Any CPU
		{46453BFE-13B8-4D07-A5FE-F75B5842F542}.Release-Unpackaged|x64.Build.0 = Release|Any CPU
		{46453BFE-13B8-4D07-A5FE-F75B5842F542}.Release-Unpackaged|x86.ActiveCfg = Release|Any CPU
		{46453BFE-13B8-4D07-A5FE-F75B5842F542}.Release-Unpackaged|x86.Build.0 = Release|Any CPU
		{8AA15AE8-D9B8-4321-BDFE-A3424373FB9F}.Debug|Any CPU.ActiveCfg = Debug|Any CPU
		{8AA15AE8-D9B8-4321-BDFE-A3424373FB9F}.Debug|Any CPU.Build.0 = Debug|Any CPU
		{8AA15AE8-D9B8-4321-BDFE-A3424373FB9F}.Debug|ARM64.ActiveCfg = Debug|Any CPU
		{8AA15AE8-D9B8-4321-BDFE-A3424373FB9F}.Debug|ARM64.Build.0 = Debug|Any CPU
		{8AA15AE8-D9B8-4321-BDFE-A3424373FB9F}.Debug|x64.ActiveCfg = Debug|Any CPU
		{8AA15AE8-D9B8-4321-BDFE-A3424373FB9F}.Debug|x64.Build.0 = Debug|Any CPU
		{8AA15AE8-D9B8-4321-BDFE-A3424373FB9F}.Debug|x86.ActiveCfg = Debug|Any CPU
		{8AA15AE8-D9B8-4321-BDFE-A3424373FB9F}.Debug|x86.Build.0 = Debug|Any CPU
		{8AA15AE8-D9B8-4321-BDFE-A3424373FB9F}.Debug-Unpackaged|Any CPU.ActiveCfg = Debug|Any CPU
		{8AA15AE8-D9B8-4321-BDFE-A3424373FB9F}.Debug-Unpackaged|Any CPU.Build.0 = Debug|Any CPU
		{8AA15AE8-D9B8-4321-BDFE-A3424373FB9F}.Debug-Unpackaged|ARM64.ActiveCfg = Debug|Any CPU
		{8AA15AE8-D9B8-4321-BDFE-A3424373FB9F}.Debug-Unpackaged|ARM64.Build.0 = Debug|Any CPU
		{8AA15AE8-D9B8-4321-BDFE-A3424373FB9F}.Debug-Unpackaged|x64.ActiveCfg = Debug|Any CPU
		{8AA15AE8-D9B8-4321-BDFE-A3424373FB9F}.Debug-Unpackaged|x64.Build.0 = Debug|Any CPU
		{8AA15AE8-D9B8-4321-BDFE-A3424373FB9F}.Debug-Unpackaged|x86.ActiveCfg = Debug|Any CPU
		{8AA15AE8-D9B8-4321-BDFE-A3424373FB9F}.Debug-Unpackaged|x86.Build.0 = Debug|Any CPU
		{8AA15AE8-D9B8-4321-BDFE-A3424373FB9F}.Nightly|Any CPU.ActiveCfg = Nightly|Any CPU
		{8AA15AE8-D9B8-4321-BDFE-A3424373FB9F}.Nightly|Any CPU.Build.0 = Nightly|Any CPU
		{8AA15AE8-D9B8-4321-BDFE-A3424373FB9F}.Nightly|ARM64.ActiveCfg = Nightly|Any CPU
		{8AA15AE8-D9B8-4321-BDFE-A3424373FB9F}.Nightly|ARM64.Build.0 = Nightly|Any CPU
		{8AA15AE8-D9B8-4321-BDFE-A3424373FB9F}.Nightly|x64.ActiveCfg = Nightly|Any CPU
		{8AA15AE8-D9B8-4321-BDFE-A3424373FB9F}.Nightly|x64.Build.0 = Nightly|Any CPU
		{8AA15AE8-D9B8-4321-BDFE-A3424373FB9F}.Nightly|x86.ActiveCfg = Nightly|Any CPU
		{8AA15AE8-D9B8-4321-BDFE-A3424373FB9F}.Nightly|x86.Build.0 = Nightly|Any CPU
		{8AA15AE8-D9B8-4321-BDFE-A3424373FB9F}.Release|Any CPU.ActiveCfg = Release|Any CPU
		{8AA15AE8-D9B8-4321-BDFE-A3424373FB9F}.Release|Any CPU.Build.0 = Release|Any CPU
		{8AA15AE8-D9B8-4321-BDFE-A3424373FB9F}.Release|ARM64.ActiveCfg = Release|Any CPU
		{8AA15AE8-D9B8-4321-BDFE-A3424373FB9F}.Release|ARM64.Build.0 = Release|Any CPU
		{8AA15AE8-D9B8-4321-BDFE-A3424373FB9F}.Release|x64.ActiveCfg = Release|Any CPU
		{8AA15AE8-D9B8-4321-BDFE-A3424373FB9F}.Release|x64.Build.0 = Release|Any CPU
		{8AA15AE8-D9B8-4321-BDFE-A3424373FB9F}.Release|x86.ActiveCfg = Release|Any CPU
		{8AA15AE8-D9B8-4321-BDFE-A3424373FB9F}.Release|x86.Build.0 = Release|Any CPU
		{8AA15AE8-D9B8-4321-BDFE-A3424373FB9F}.Release-Unpackaged|Any CPU.ActiveCfg = Release|Any CPU
		{8AA15AE8-D9B8-4321-BDFE-A3424373FB9F}.Release-Unpackaged|Any CPU.Build.0 = Release|Any CPU
		{8AA15AE8-D9B8-4321-BDFE-A3424373FB9F}.Release-Unpackaged|ARM64.ActiveCfg = Release|Any CPU
		{8AA15AE8-D9B8-4321-BDFE-A3424373FB9F}.Release-Unpackaged|ARM64.Build.0 = Release|Any CPU
		{8AA15AE8-D9B8-4321-BDFE-A3424373FB9F}.Release-Unpackaged|x64.ActiveCfg = Release|Any CPU
		{8AA15AE8-D9B8-4321-BDFE-A3424373FB9F}.Release-Unpackaged|x64.Build.0 = Release|Any CPU
		{8AA15AE8-D9B8-4321-BDFE-A3424373FB9F}.Release-Unpackaged|x86.ActiveCfg = Release|Any CPU
		{8AA15AE8-D9B8-4321-BDFE-A3424373FB9F}.Release-Unpackaged|x86.Build.0 = Release|Any CPU
		{BCA79420-8BBE-440F-A2F1-9F72B2489551}.Debug|Any CPU.ActiveCfg = Debug|Any CPU
		{BCA79420-8BBE-440F-A2F1-9F72B2489551}.Debug|Any CPU.Build.0 = Debug|Any CPU
		{BCA79420-8BBE-440F-A2F1-9F72B2489551}.Debug|Any CPU.Deploy.0 = Debug|Any CPU
		{BCA79420-8BBE-440F-A2F1-9F72B2489551}.Debug|ARM64.ActiveCfg = Debug|ARM64
		{BCA79420-8BBE-440F-A2F1-9F72B2489551}.Debug|ARM64.Build.0 = Debug|ARM64
		{BCA79420-8BBE-440F-A2F1-9F72B2489551}.Debug|ARM64.Deploy.0 = Debug|ARM64
		{BCA79420-8BBE-440F-A2F1-9F72B2489551}.Debug|x64.ActiveCfg = Debug|x64
		{BCA79420-8BBE-440F-A2F1-9F72B2489551}.Debug|x64.Build.0 = Debug|x64
		{BCA79420-8BBE-440F-A2F1-9F72B2489551}.Debug|x64.Deploy.0 = Debug|x64
		{BCA79420-8BBE-440F-A2F1-9F72B2489551}.Debug|x86.ActiveCfg = Debug|x86
		{BCA79420-8BBE-440F-A2F1-9F72B2489551}.Debug|x86.Build.0 = Debug|x86
		{BCA79420-8BBE-440F-A2F1-9F72B2489551}.Debug|x86.Deploy.0 = Debug|x86
		{BCA79420-8BBE-440F-A2F1-9F72B2489551}.Debug-Unpackaged|Any CPU.ActiveCfg = Debug|x64
		{BCA79420-8BBE-440F-A2F1-9F72B2489551}.Debug-Unpackaged|Any CPU.Build.0 = Debug|x64
		{BCA79420-8BBE-440F-A2F1-9F72B2489551}.Debug-Unpackaged|Any CPU.Deploy.0 = Debug|x64
		{BCA79420-8BBE-440F-A2F1-9F72B2489551}.Debug-Unpackaged|ARM64.ActiveCfg = Debug|ARM64
		{BCA79420-8BBE-440F-A2F1-9F72B2489551}.Debug-Unpackaged|ARM64.Build.0 = Debug|ARM64
		{BCA79420-8BBE-440F-A2F1-9F72B2489551}.Debug-Unpackaged|ARM64.Deploy.0 = Debug|ARM64
		{BCA79420-8BBE-440F-A2F1-9F72B2489551}.Debug-Unpackaged|x64.ActiveCfg = Debug|x64
		{BCA79420-8BBE-440F-A2F1-9F72B2489551}.Debug-Unpackaged|x64.Build.0 = Debug|x64
		{BCA79420-8BBE-440F-A2F1-9F72B2489551}.Debug-Unpackaged|x64.Deploy.0 = Debug|x64
		{BCA79420-8BBE-440F-A2F1-9F72B2489551}.Debug-Unpackaged|x86.ActiveCfg = Debug|x86
		{BCA79420-8BBE-440F-A2F1-9F72B2489551}.Debug-Unpackaged|x86.Build.0 = Debug|x86
		{BCA79420-8BBE-440F-A2F1-9F72B2489551}.Debug-Unpackaged|x86.Deploy.0 = Debug|x86
		{BCA79420-8BBE-440F-A2F1-9F72B2489551}.Nightly|Any CPU.ActiveCfg = Debug|x64
		{BCA79420-8BBE-440F-A2F1-9F72B2489551}.Nightly|Any CPU.Build.0 = Debug|x64
		{BCA79420-8BBE-440F-A2F1-9F72B2489551}.Nightly|Any CPU.Deploy.0 = Debug|x64
		{BCA79420-8BBE-440F-A2F1-9F72B2489551}.Nightly|ARM64.ActiveCfg = Debug|ARM64
		{BCA79420-8BBE-440F-A2F1-9F72B2489551}.Nightly|ARM64.Build.0 = Debug|ARM64
		{BCA79420-8BBE-440F-A2F1-9F72B2489551}.Nightly|ARM64.Deploy.0 = Debug|ARM64
		{BCA79420-8BBE-440F-A2F1-9F72B2489551}.Nightly|x64.ActiveCfg = Debug|x64
		{BCA79420-8BBE-440F-A2F1-9F72B2489551}.Nightly|x64.Build.0 = Debug|x64
		{BCA79420-8BBE-440F-A2F1-9F72B2489551}.Nightly|x64.Deploy.0 = Debug|x64
		{BCA79420-8BBE-440F-A2F1-9F72B2489551}.Nightly|x86.ActiveCfg = Debug|x86
		{BCA79420-8BBE-440F-A2F1-9F72B2489551}.Nightly|x86.Build.0 = Debug|x86
		{BCA79420-8BBE-440F-A2F1-9F72B2489551}.Nightly|x86.Deploy.0 = Debug|x86
		{BCA79420-8BBE-440F-A2F1-9F72B2489551}.Release|Any CPU.ActiveCfg = Release|x64
		{BCA79420-8BBE-440F-A2F1-9F72B2489551}.Release|Any CPU.Build.0 = Release|x64
		{BCA79420-8BBE-440F-A2F1-9F72B2489551}.Release|Any CPU.Deploy.0 = Release|x64
		{BCA79420-8BBE-440F-A2F1-9F72B2489551}.Release|ARM64.ActiveCfg = Release|ARM64
		{BCA79420-8BBE-440F-A2F1-9F72B2489551}.Release|ARM64.Build.0 = Release|ARM64
		{BCA79420-8BBE-440F-A2F1-9F72B2489551}.Release|ARM64.Deploy.0 = Release|ARM64
		{BCA79420-8BBE-440F-A2F1-9F72B2489551}.Release|x64.ActiveCfg = Release|x64
		{BCA79420-8BBE-440F-A2F1-9F72B2489551}.Release|x64.Build.0 = Release|x64
		{BCA79420-8BBE-440F-A2F1-9F72B2489551}.Release|x64.Deploy.0 = Release|x64
		{BCA79420-8BBE-440F-A2F1-9F72B2489551}.Release|x86.ActiveCfg = Release|x86
		{BCA79420-8BBE-440F-A2F1-9F72B2489551}.Release|x86.Build.0 = Release|x86
		{BCA79420-8BBE-440F-A2F1-9F72B2489551}.Release|x86.Deploy.0 = Release|x86
		{BCA79420-8BBE-440F-A2F1-9F72B2489551}.Release-Unpackaged|Any CPU.ActiveCfg = Release|x64
		{BCA79420-8BBE-440F-A2F1-9F72B2489551}.Release-Unpackaged|Any CPU.Build.0 = Release|x64
		{BCA79420-8BBE-440F-A2F1-9F72B2489551}.Release-Unpackaged|Any CPU.Deploy.0 = Release|x64
		{BCA79420-8BBE-440F-A2F1-9F72B2489551}.Release-Unpackaged|ARM64.ActiveCfg = Release|ARM64
		{BCA79420-8BBE-440F-A2F1-9F72B2489551}.Release-Unpackaged|ARM64.Build.0 = Release|ARM64
		{BCA79420-8BBE-440F-A2F1-9F72B2489551}.Release-Unpackaged|ARM64.Deploy.0 = Release|ARM64
		{BCA79420-8BBE-440F-A2F1-9F72B2489551}.Release-Unpackaged|x64.ActiveCfg = Release|x64
		{BCA79420-8BBE-440F-A2F1-9F72B2489551}.Release-Unpackaged|x64.Build.0 = Release|x64
		{BCA79420-8BBE-440F-A2F1-9F72B2489551}.Release-Unpackaged|x64.Deploy.0 = Release|x64
		{BCA79420-8BBE-440F-A2F1-9F72B2489551}.Release-Unpackaged|x86.ActiveCfg = Release|x86
		{BCA79420-8BBE-440F-A2F1-9F72B2489551}.Release-Unpackaged|x86.Build.0 = Release|x86
		{BCA79420-8BBE-440F-A2F1-9F72B2489551}.Release-Unpackaged|x86.Deploy.0 = Release|x86
		{4FDAA71D-4D7D-4447-9722-E0E4E36477B1}.Debug|Any CPU.ActiveCfg = Debug|Any CPU
		{4FDAA71D-4D7D-4447-9722-E0E4E36477B1}.Debug|Any CPU.Build.0 = Debug|Any CPU
		{4FDAA71D-4D7D-4447-9722-E0E4E36477B1}.Debug|ARM64.ActiveCfg = Debug|Any CPU
		{4FDAA71D-4D7D-4447-9722-E0E4E36477B1}.Debug|ARM64.Build.0 = Debug|Any CPU
		{4FDAA71D-4D7D-4447-9722-E0E4E36477B1}.Debug|x64.ActiveCfg = Debug|Any CPU
		{4FDAA71D-4D7D-4447-9722-E0E4E36477B1}.Debug|x64.Build.0 = Debug|Any CPU
		{4FDAA71D-4D7D-4447-9722-E0E4E36477B1}.Debug|x86.ActiveCfg = Debug|Any CPU
		{4FDAA71D-4D7D-4447-9722-E0E4E36477B1}.Debug|x86.Build.0 = Debug|Any CPU
		{4FDAA71D-4D7D-4447-9722-E0E4E36477B1}.Debug-Unpackaged|Any CPU.ActiveCfg = Debug|Any CPU
		{4FDAA71D-4D7D-4447-9722-E0E4E36477B1}.Debug-Unpackaged|Any CPU.Build.0 = Debug|Any CPU
		{4FDAA71D-4D7D-4447-9722-E0E4E36477B1}.Debug-Unpackaged|ARM64.ActiveCfg = Debug|Any CPU
		{4FDAA71D-4D7D-4447-9722-E0E4E36477B1}.Debug-Unpackaged|ARM64.Build.0 = Debug|Any CPU
		{4FDAA71D-4D7D-4447-9722-E0E4E36477B1}.Debug-Unpackaged|x64.ActiveCfg = Debug|Any CPU
		{4FDAA71D-4D7D-4447-9722-E0E4E36477B1}.Debug-Unpackaged|x64.Build.0 = Debug|Any CPU
		{4FDAA71D-4D7D-4447-9722-E0E4E36477B1}.Debug-Unpackaged|x86.ActiveCfg = Debug|Any CPU
		{4FDAA71D-4D7D-4447-9722-E0E4E36477B1}.Debug-Unpackaged|x86.Build.0 = Debug|Any CPU
		{4FDAA71D-4D7D-4447-9722-E0E4E36477B1}.Nightly|Any CPU.ActiveCfg = Debug|Any CPU
		{4FDAA71D-4D7D-4447-9722-E0E4E36477B1}.Nightly|Any CPU.Build.0 = Debug|Any CPU
		{4FDAA71D-4D7D-4447-9722-E0E4E36477B1}.Nightly|ARM64.ActiveCfg = Debug|Any CPU
		{4FDAA71D-4D7D-4447-9722-E0E4E36477B1}.Nightly|ARM64.Build.0 = Debug|Any CPU
		{4FDAA71D-4D7D-4447-9722-E0E4E36477B1}.Nightly|x64.ActiveCfg = Debug|Any CPU
		{4FDAA71D-4D7D-4447-9722-E0E4E36477B1}.Nightly|x64.Build.0 = Debug|Any CPU
		{4FDAA71D-4D7D-4447-9722-E0E4E36477B1}.Nightly|x86.ActiveCfg = Debug|Any CPU
		{4FDAA71D-4D7D-4447-9722-E0E4E36477B1}.Nightly|x86.Build.0 = Debug|Any CPU
		{4FDAA71D-4D7D-4447-9722-E0E4E36477B1}.Release|Any CPU.ActiveCfg = Release|Any CPU
		{4FDAA71D-4D7D-4447-9722-E0E4E36477B1}.Release|Any CPU.Build.0 = Release|Any CPU
		{4FDAA71D-4D7D-4447-9722-E0E4E36477B1}.Release|ARM64.ActiveCfg = Release|Any CPU
		{4FDAA71D-4D7D-4447-9722-E0E4E36477B1}.Release|ARM64.Build.0 = Release|Any CPU
		{4FDAA71D-4D7D-4447-9722-E0E4E36477B1}.Release|x64.ActiveCfg = Release|Any CPU
		{4FDAA71D-4D7D-4447-9722-E0E4E36477B1}.Release|x64.Build.0 = Release|Any CPU
		{4FDAA71D-4D7D-4447-9722-E0E4E36477B1}.Release|x86.ActiveCfg = Release|Any CPU
		{4FDAA71D-4D7D-4447-9722-E0E4E36477B1}.Release|x86.Build.0 = Release|Any CPU
		{4FDAA71D-4D7D-4447-9722-E0E4E36477B1}.Release-Unpackaged|Any CPU.ActiveCfg = Release|Any CPU
		{4FDAA71D-4D7D-4447-9722-E0E4E36477B1}.Release-Unpackaged|Any CPU.Build.0 = Release|Any CPU
		{4FDAA71D-4D7D-4447-9722-E0E4E36477B1}.Release-Unpackaged|ARM64.ActiveCfg = Release|Any CPU
		{4FDAA71D-4D7D-4447-9722-E0E4E36477B1}.Release-Unpackaged|ARM64.Build.0 = Release|Any CPU
		{4FDAA71D-4D7D-4447-9722-E0E4E36477B1}.Release-Unpackaged|x64.ActiveCfg = Release|Any CPU
		{4FDAA71D-4D7D-4447-9722-E0E4E36477B1}.Release-Unpackaged|x64.Build.0 = Release|Any CPU
		{4FDAA71D-4D7D-4447-9722-E0E4E36477B1}.Release-Unpackaged|x86.ActiveCfg = Release|Any CPU
		{4FDAA71D-4D7D-4447-9722-E0E4E36477B1}.Release-Unpackaged|x86.Build.0 = Release|Any CPU
		{AC42B3FB-7849-418A-BAA5-1AD5D210B8A9}.Debug|Any CPU.ActiveCfg = Debug|Any CPU
		{AC42B3FB-7849-418A-BAA5-1AD5D210B8A9}.Debug|Any CPU.Build.0 = Debug|Any CPU
		{AC42B3FB-7849-418A-BAA5-1AD5D210B8A9}.Debug|ARM64.ActiveCfg = Debug|Any CPU
		{AC42B3FB-7849-418A-BAA5-1AD5D210B8A9}.Debug|ARM64.Build.0 = Debug|Any CPU
		{AC42B3FB-7849-418A-BAA5-1AD5D210B8A9}.Debug|x64.ActiveCfg = Debug|Any CPU
		{AC42B3FB-7849-418A-BAA5-1AD5D210B8A9}.Debug|x64.Build.0 = Debug|Any CPU
		{AC42B3FB-7849-418A-BAA5-1AD5D210B8A9}.Debug|x86.ActiveCfg = Debug|Any CPU
		{AC42B3FB-7849-418A-BAA5-1AD5D210B8A9}.Debug|x86.Build.0 = Debug|Any CPU
		{AC42B3FB-7849-418A-BAA5-1AD5D210B8A9}.Debug-Unpackaged|Any CPU.ActiveCfg = Debug|Any CPU
		{AC42B3FB-7849-418A-BAA5-1AD5D210B8A9}.Debug-Unpackaged|Any CPU.Build.0 = Debug|Any CPU
		{AC42B3FB-7849-418A-BAA5-1AD5D210B8A9}.Debug-Unpackaged|ARM64.ActiveCfg = Debug|Any CPU
		{AC42B3FB-7849-418A-BAA5-1AD5D210B8A9}.Debug-Unpackaged|ARM64.Build.0 = Debug|Any CPU
		{AC42B3FB-7849-418A-BAA5-1AD5D210B8A9}.Debug-Unpackaged|x64.ActiveCfg = Debug|Any CPU
		{AC42B3FB-7849-418A-BAA5-1AD5D210B8A9}.Debug-Unpackaged|x64.Build.0 = Debug|Any CPU
		{AC42B3FB-7849-418A-BAA5-1AD5D210B8A9}.Debug-Unpackaged|x86.ActiveCfg = Debug|Any CPU
		{AC42B3FB-7849-418A-BAA5-1AD5D210B8A9}.Debug-Unpackaged|x86.Build.0 = Debug|Any CPU
		{AC42B3FB-7849-418A-BAA5-1AD5D210B8A9}.Nightly|Any CPU.ActiveCfg = Debug|Any CPU
		{AC42B3FB-7849-418A-BAA5-1AD5D210B8A9}.Nightly|Any CPU.Build.0 = Debug|Any CPU
		{AC42B3FB-7849-418A-BAA5-1AD5D210B8A9}.Nightly|ARM64.ActiveCfg = Debug|Any CPU
		{AC42B3FB-7849-418A-BAA5-1AD5D210B8A9}.Nightly|ARM64.Build.0 = Debug|Any CPU
		{AC42B3FB-7849-418A-BAA5-1AD5D210B8A9}.Nightly|x64.ActiveCfg = Debug|Any CPU
		{AC42B3FB-7849-418A-BAA5-1AD5D210B8A9}.Nightly|x64.Build.0 = Debug|Any CPU
		{AC42B3FB-7849-418A-BAA5-1AD5D210B8A9}.Nightly|x86.ActiveCfg = Debug|Any CPU
		{AC42B3FB-7849-418A-BAA5-1AD5D210B8A9}.Nightly|x86.Build.0 = Debug|Any CPU
		{AC42B3FB-7849-418A-BAA5-1AD5D210B8A9}.Release|Any CPU.ActiveCfg = Release|Any CPU
		{AC42B3FB-7849-418A-BAA5-1AD5D210B8A9}.Release|Any CPU.Build.0 = Release|Any CPU
		{AC42B3FB-7849-418A-BAA5-1AD5D210B8A9}.Release|ARM64.ActiveCfg = Release|Any CPU
		{AC42B3FB-7849-418A-BAA5-1AD5D210B8A9}.Release|ARM64.Build.0 = Release|Any CPU
		{AC42B3FB-7849-418A-BAA5-1AD5D210B8A9}.Release|x64.ActiveCfg = Release|Any CPU
		{AC42B3FB-7849-418A-BAA5-1AD5D210B8A9}.Release|x64.Build.0 = Release|Any CPU
		{AC42B3FB-7849-418A-BAA5-1AD5D210B8A9}.Release|x86.ActiveCfg = Release|Any CPU
		{AC42B3FB-7849-418A-BAA5-1AD5D210B8A9}.Release|x86.Build.0 = Release|Any CPU
		{AC42B3FB-7849-418A-BAA5-1AD5D210B8A9}.Release-Unpackaged|Any CPU.ActiveCfg = Debug|Any CPU
		{AC42B3FB-7849-418A-BAA5-1AD5D210B8A9}.Release-Unpackaged|Any CPU.Build.0 = Debug|Any CPU
		{AC42B3FB-7849-418A-BAA5-1AD5D210B8A9}.Release-Unpackaged|ARM64.ActiveCfg = Debug|Any CPU
		{AC42B3FB-7849-418A-BAA5-1AD5D210B8A9}.Release-Unpackaged|ARM64.Build.0 = Debug|Any CPU
		{AC42B3FB-7849-418A-BAA5-1AD5D210B8A9}.Release-Unpackaged|x64.ActiveCfg = Debug|Any CPU
		{AC42B3FB-7849-418A-BAA5-1AD5D210B8A9}.Release-Unpackaged|x64.Build.0 = Debug|Any CPU
		{AC42B3FB-7849-418A-BAA5-1AD5D210B8A9}.Release-Unpackaged|x86.ActiveCfg = Debug|Any CPU
		{AC42B3FB-7849-418A-BAA5-1AD5D210B8A9}.Release-Unpackaged|x86.Build.0 = Debug|Any CPU
	EndGlobalSection
	GlobalSection(SolutionProperties) = preSolution
		HideSolutionNode = FALSE
	EndGlobalSection
	GlobalSection(ExtensibilityGlobals) = postSolution
		SolutionGuid = {BB192092-0513-44A9-AEA0-6CD23BF98712}
	EndGlobalSection
EndGlobal
